
Microsoft Visual Studio Solution File, Format Version 12.00
# Visual Studio 15
VisualStudioVersion = 15.0.26430.13
MinimumVisualStudioVersion = 10.0.40219.1
Project("{2150E333-8FDC-42A3-9474-1A3956D46DE8}") = "src", "src", "{6EAAA3BA-9C88-4F21-A822-F0A3A9613EBA}"
EndProject
Project("{2150E333-8FDC-42A3-9474-1A3956D46DE8}") = "Solution Items", "Solution Items", "{A84EF450-A165-4B73-A9B2-FFC11D972AB3}"
	ProjectSection(SolutionItems) = preProject
		README.md = README.md
	EndProjectSection
EndProject
Project("{2150E333-8FDC-42A3-9474-1A3956D46DE8}") = "test", "test", "{DBBF1C8A-4A4B-4EC5-911C-BA6AEAC12BD4}"
EndProject
Project("{9A19103F-16F7-4668-BE54-9A1E7A4F7556}") = "SimpleStack.Orm", "src\SimpleStack.Orm\SimpleStack.Orm.csproj", "{0A9114EE-0C85-4242-AF8F-579DAD66EC1F}"
EndProject
Project("{9A19103F-16F7-4668-BE54-9A1E7A4F7556}") = "SimpleStack.Orm.PostgreSQL", "src\SimpleStack.Orm.PostgreSQL\SimpleStack.Orm.PostgreSQL.csproj", "{8635D394-B1CB-4EE0-9450-88F2B2E4D783}"
EndProject
Project("{9A19103F-16F7-4668-BE54-9A1E7A4F7556}") = "SimpleStack.Orm.Tests", "test\SimpleStack.Orm.Tests\SimpleStack.Orm.Tests.csproj", "{BAD6E1E9-58C0-4183-BF48-C92E92D176DC}"
EndProject
Project("{9A19103F-16F7-4668-BE54-9A1E7A4F7556}") = "SimpleStack.Orm.MySQL", "src\SimpleStack.Orm.MySQL\SimpleStack.Orm.MySQL.csproj", "{C0E6A927-E0B1-405C-A17C-675D66D38E1A}"
EndProject
Project("{9A19103F-16F7-4668-BE54-9A1E7A4F7556}") = "SimpleStack.Orm.SQLServer", "src\SimpleStack.Orm.SQLServer\SimpleStack.Orm.SQLServer.csproj", "{E278057E-1319-42F5-B772-5553A7D0CA61}"
EndProject
Project("{9A19103F-16F7-4668-BE54-9A1E7A4F7556}") = "SimpleStack.Orm.SQLite", "src\SimpleStack.Orm.SQLite\SimpleStack.Orm.SQLite.csproj", "{91A19B73-D18F-4108-84FE-F6A9327BD897}"
EndProject
Project("{9A19103F-16F7-4668-BE54-9A1E7A4F7556}") = "SimpleStack.Orm.MySQLConnector", "src\SimpleStack.Orm.MySQLConnector\SimpleStack.Orm.MySQLConnector.csproj", "{75E2C0D4-FE33-484F-8EC1-58EA1EBFEBE0}"
EndProject
Project("{FAE04EC0-301F-11D3-BF4B-00C04F79EFBC}") = "SimpleStack.Orm.SDSQLite", "src\SimpleStack.Orm.SDSQLite\SimpleStack.Orm.SDSQLite.csproj", "{49DB362E-E574-4BF2-A4D2-76CAD8EA6E85}"
EndProject
Project("{FAE04EC0-301F-11D3-BF4B-00C04F79EFBC}") = "SimpleStack.Orm.xUnit", "test\SimpleStack.Orm.xUnit\SimpleStack.Orm.xUnit.csproj", "{41DD3284-5112-4A27-AE18-09493B040031}"
EndProject
Project("{FAE04EC0-301F-11D3-BF4B-00C04F79EFBC}") = "SimpleStack.Orm.Logging.MicrosoftExtensions", "src\SimpleStack.Orm.Logging.MicrosoftExtensions\SimpleStack.Orm.Logging.MicrosoftExtensions.csproj", "{FA11989E-8998-40E3-B9D7-7925D8EBF7D0}"
EndProject
Global
	GlobalSection(SolutionConfigurationPlatforms) = preSolution
		Debug|Any CPU = Debug|Any CPU
		Release|Any CPU = Release|Any CPU
	EndGlobalSection
	GlobalSection(ProjectConfigurationPlatforms) = postSolution
		{0A9114EE-0C85-4242-AF8F-579DAD66EC1F}.Debug|Any CPU.ActiveCfg = Debug|Any CPU
		{0A9114EE-0C85-4242-AF8F-579DAD66EC1F}.Debug|Any CPU.Build.0 = Debug|Any CPU
		{0A9114EE-0C85-4242-AF8F-579DAD66EC1F}.Release|Any CPU.ActiveCfg = Release|Any CPU
		{0A9114EE-0C85-4242-AF8F-579DAD66EC1F}.Release|Any CPU.Build.0 = Release|Any CPU
		{8635D394-B1CB-4EE0-9450-88F2B2E4D783}.Debug|Any CPU.ActiveCfg = Debug|Any CPU
		{8635D394-B1CB-4EE0-9450-88F2B2E4D783}.Debug|Any CPU.Build.0 = Debug|Any CPU
		{8635D394-B1CB-4EE0-9450-88F2B2E4D783}.Release|Any CPU.ActiveCfg = Release|Any CPU
		{8635D394-B1CB-4EE0-9450-88F2B2E4D783}.Release|Any CPU.Build.0 = Release|Any CPU
		{BAD6E1E9-58C0-4183-BF48-C92E92D176DC}.Debug|Any CPU.ActiveCfg = Debug|Any CPU
		{BAD6E1E9-58C0-4183-BF48-C92E92D176DC}.Debug|Any CPU.Build.0 = Debug|Any CPU
		{BAD6E1E9-58C0-4183-BF48-C92E92D176DC}.Release|Any CPU.ActiveCfg = Release|Any CPU
		{BAD6E1E9-58C0-4183-BF48-C92E92D176DC}.Release|Any CPU.Build.0 = Release|Any CPU
		{C0E6A927-E0B1-405C-A17C-675D66D38E1A}.Debug|Any CPU.ActiveCfg = Debug|Any CPU
		{C0E6A927-E0B1-405C-A17C-675D66D38E1A}.Debug|Any CPU.Build.0 = Debug|Any CPU
		{C0E6A927-E0B1-405C-A17C-675D66D38E1A}.Release|Any CPU.ActiveCfg = Release|Any CPU
		{C0E6A927-E0B1-405C-A17C-675D66D38E1A}.Release|Any CPU.Build.0 = Release|Any CPU
		{E278057E-1319-42F5-B772-5553A7D0CA61}.Debug|Any CPU.ActiveCfg = Debug|Any CPU
		{E278057E-1319-42F5-B772-5553A7D0CA61}.Debug|Any CPU.Build.0 = Debug|Any CPU
		{E278057E-1319-42F5-B772-5553A7D0CA61}.Release|Any CPU.ActiveCfg = Release|Any CPU
		{E278057E-1319-42F5-B772-5553A7D0CA61}.Release|Any CPU.Build.0 = Release|Any CPU
		{91A19B73-D18F-4108-84FE-F6A9327BD897}.Debug|Any CPU.ActiveCfg = Debug|Any CPU
		{91A19B73-D18F-4108-84FE-F6A9327BD897}.Debug|Any CPU.Build.0 = Debug|Any CPU
		{91A19B73-D18F-4108-84FE-F6A9327BD897}.Release|Any CPU.ActiveCfg = Release|Any CPU
		{91A19B73-D18F-4108-84FE-F6A9327BD897}.Release|Any CPU.Build.0 = Release|Any CPU
		{75E2C0D4-FE33-484F-8EC1-58EA1EBFEBE0}.Debug|Any CPU.ActiveCfg = Debug|Any CPU
		{75E2C0D4-FE33-484F-8EC1-58EA1EBFEBE0}.Debug|Any CPU.Build.0 = Debug|Any CPU
		{75E2C0D4-FE33-484F-8EC1-58EA1EBFEBE0}.Release|Any CPU.ActiveCfg = Release|Any CPU
		{75E2C0D4-FE33-484F-8EC1-58EA1EBFEBE0}.Release|Any CPU.Build.0 = Release|Any CPU
		{49DB362E-E574-4BF2-A4D2-76CAD8EA6E85}.Debug|Any CPU.ActiveCfg = Debug|Any CPU
		{49DB362E-E574-4BF2-A4D2-76CAD8EA6E85}.Debug|Any CPU.Build.0 = Debug|Any CPU
		{49DB362E-E574-4BF2-A4D2-76CAD8EA6E85}.Release|Any CPU.ActiveCfg = Release|Any CPU
		{49DB362E-E574-4BF2-A4D2-76CAD8EA6E85}.Release|Any CPU.Build.0 = Release|Any CPU
		{41DD3284-5112-4A27-AE18-09493B040031}.Debug|Any CPU.ActiveCfg = Debug|Any CPU
		{41DD3284-5112-4A27-AE18-09493B040031}.Debug|Any CPU.Build.0 = Debug|Any CPU
		{41DD3284-5112-4A27-AE18-09493B040031}.Release|Any CPU.ActiveCfg = Release|Any CPU
		{41DD3284-5112-4A27-AE18-09493B040031}.Release|Any CPU.Build.0 = Release|Any CPU
		{FA11989E-8998-40E3-B9D7-7925D8EBF7D0}.Debug|Any CPU.ActiveCfg = Debug|Any CPU
		{FA11989E-8998-40E3-B9D7-7925D8EBF7D0}.Debug|Any CPU.Build.0 = Debug|Any CPU
		{FA11989E-8998-40E3-B9D7-7925D8EBF7D0}.Release|Any CPU.ActiveCfg = Release|Any CPU
		{FA11989E-8998-40E3-B9D7-7925D8EBF7D0}.Release|Any CPU.Build.0 = Release|Any CPU
	EndGlobalSection
	GlobalSection(SolutionProperties) = preSolution
		HideSolutionNode = FALSE
	EndGlobalSection
	GlobalSection(NestedProjects) = preSolution
		{0A9114EE-0C85-4242-AF8F-579DAD66EC1F} = {6EAAA3BA-9C88-4F21-A822-F0A3A9613EBA}
		{8635D394-B1CB-4EE0-9450-88F2B2E4D783} = {6EAAA3BA-9C88-4F21-A822-F0A3A9613EBA}
		{BAD6E1E9-58C0-4183-BF48-C92E92D176DC} = {DBBF1C8A-4A4B-4EC5-911C-BA6AEAC12BD4}
		{C0E6A927-E0B1-405C-A17C-675D66D38E1A} = {6EAAA3BA-9C88-4F21-A822-F0A3A9613EBA}
		{E278057E-1319-42F5-B772-5553A7D0CA61} = {6EAAA3BA-9C88-4F21-A822-F0A3A9613EBA}
		{91A19B73-D18F-4108-84FE-F6A9327BD897} = {6EAAA3BA-9C88-4F21-A822-F0A3A9613EBA}
		{75E2C0D4-FE33-484F-8EC1-58EA1EBFEBE0} = {6EAAA3BA-9C88-4F21-A822-F0A3A9613EBA}
		{49DB362E-E574-4BF2-A4D2-76CAD8EA6E85} = {6EAAA3BA-9C88-4F21-A822-F0A3A9613EBA}
		{41DD3284-5112-4A27-AE18-09493B040031} = {DBBF1C8A-4A4B-4EC5-911C-BA6AEAC12BD4}
		{FA11989E-8998-40E3-B9D7-7925D8EBF7D0} = {6EAAA3BA-9C88-4F21-A822-F0A3A9613EBA}
	EndGlobalSection
	GlobalSection(ExtensibilityGlobals) = postSolution
		SolutionGuid = {82883C1A-728B-43E5-A494-6BA0585C069B}
	EndGlobalSection
EndGlobal
