
Microsoft Visual Studio Solution File, Format Version 12.00
# Visual Studio 2013
VisualStudioVersion = 12.0.31101.0
MinimumVisualStudioVersion = 10.0.40219.1
Project("{FAE04EC0-301F-11D3-BF4B-00C04F79EFBC}") = "SimpleStack.Orm", "SimpleStack.Orm\SimpleStack.Orm.csproj", "{A8CB9152-E788-4C63-8F1F-63C0BAFCD3AA}"
EndProject
Project("{FAE04EC0-301F-11D3-BF4B-00C04F79EFBC}") = "SimpleStack.Orm.PostgreSQL", "SimpleStack.Orm.PostgreSQL\SimpleStack.Orm.PostgreSQL.csproj", "{74D93896-B300-4955-AD2D-BBCA74FE1CD4}"
EndProject
Project("{FAE04EC0-301F-11D3-BF4B-00C04F79EFBC}") = "SimpleStack.Orm.MySQL", "SimpleStack.Orm.MySQL\SimpleStack.Orm.MySQL.csproj", "{3AE3BBF2-B92D-4055-8272-42E018DA199B}"
EndProject
Project("{FAE04EC0-301F-11D3-BF4B-00C04F79EFBC}") = "SimpleStack.Orm.Tests", "SimpleStack.Orm.Tests\SimpleStack.Orm.Tests.csproj", "{6B5B762C-AA7B-486E-9429-FABC6465777F}"
EndProject
Project("{FAE04EC0-301F-11D3-BF4B-00C04F79EFBC}") = "SimpleStack.Orm.SqlServer", "SimpleStack.Orm.SqlServer\SimpleStack.Orm.SqlServer.csproj", "{CA82ACDA-94DF-4527-8B91-8CED30E136C6}"
EndProject
Project("{FAE04EC0-301F-11D3-BF4B-00C04F79EFBC}") = "SimpleStack.Orm.Sqlite", "SimpleStack.Orm.Sqlite\SimpleStack.Orm.Sqlite.csproj", "{AD93E924-EDFF-44D2-8414-D3103B0344CB}"
EndProject
Global
	GlobalSection(SolutionConfigurationPlatforms) = preSolution
		Debug|Any CPU = Debug|Any CPU
		Release|Any CPU = Release|Any CPU
	EndGlobalSection
	GlobalSection(ProjectConfigurationPlatforms) = postSolution
		{A8CB9152-E788-4C63-8F1F-63C0BAFCD3AA}.Debug|Any CPU.ActiveCfg = Debug|Any CPU
		{A8CB9152-E788-4C63-8F1F-63C0BAFCD3AA}.Debug|Any CPU.Build.0 = Debug|Any CPU
		{A8CB9152-E788-4C63-8F1F-63C0BAFCD3AA}.Release|Any CPU.ActiveCfg = Release|Any CPU
		{A8CB9152-E788-4C63-8F1F-63C0BAFCD3AA}.Release|Any CPU.Build.0 = Release|Any CPU
		{74D93896-B300-4955-AD2D-BBCA74FE1CD4}.Debug|Any CPU.ActiveCfg = Debug|Any CPU
		{74D93896-B300-4955-AD2D-BBCA74FE1CD4}.Debug|Any CPU.Build.0 = Debug|Any CPU
		{74D93896-B300-4955-AD2D-BBCA74FE1CD4}.Release|Any CPU.ActiveCfg = Release|Any CPU
		{74D93896-B300-4955-AD2D-BBCA74FE1CD4}.Release|Any CPU.Build.0 = Release|Any CPU
		{3AE3BBF2-B92D-4055-8272-42E018DA199B}.Debug|Any CPU.ActiveCfg = Debug|Any CPU
		{3AE3BBF2-B92D-4055-8272-42E018DA199B}.Debug|Any CPU.Build.0 = Debug|Any CPU
		{3AE3BBF2-B92D-4055-8272-42E018DA199B}.Release|Any CPU.ActiveCfg = Release|Any CPU
		{3AE3BBF2-B92D-4055-8272-42E018DA199B}.Release|Any CPU.Build.0 = Release|Any CPU
		{6B5B762C-AA7B-486E-9429-FABC6465777F}.Debug|Any CPU.ActiveCfg = Debug|Any CPU
		{6B5B762C-AA7B-486E-9429-FABC6465777F}.Debug|Any CPU.Build.0 = Debug|Any CPU
		{6B5B762C-AA7B-486E-9429-FABC6465777F}.Release|Any CPU.ActiveCfg = Release|Any CPU
		{6B5B762C-AA7B-486E-9429-FABC6465777F}.Release|Any CPU.Build.0 = Release|Any CPU
		{CA82ACDA-94DF-4527-8B91-8CED30E136C6}.Debug|Any CPU.ActiveCfg = Debug|Any CPU
		{CA82ACDA-94DF-4527-8B91-8CED30E136C6}.Debug|Any CPU.Build.0 = Debug|Any CPU
		{CA82ACDA-94DF-4527-8B91-8CED30E136C6}.Release|Any CPU.ActiveCfg = Release|Any CPU
		{CA82ACDA-94DF-4527-8B91-8CED30E136C6}.Release|Any CPU.Build.0 = Release|Any CPU
		{AD93E924-EDFF-44D2-8414-D3103B0344CB}.Debug|Any CPU.ActiveCfg = Debug|Any CPU
		{AD93E924-EDFF-44D2-8414-D3103B0344CB}.Debug|Any CPU.Build.0 = Debug|Any CPU
		{AD93E924-EDFF-44D2-8414-D3103B0344CB}.Release|Any CPU.ActiveCfg = Release|Any CPU
		{AD93E924-EDFF-44D2-8414-D3103B0344CB}.Release|Any CPU.Build.0 = Release|Any CPU
	EndGlobalSection
	GlobalSection(SolutionProperties) = preSolution
		HideSolutionNode = FALSE
	EndGlobalSection
EndGlobal
